
Microsoft Visual Studio Solution File, Format Version 12.00
# Visual Studio Version 16
VisualStudioVersion = 16.0.31410.357
MinimumVisualStudioVersion = 10.0.40219.1
Project("{9A19103F-16F7-4668-BE54-9A1E7A4F7556}") = "WorkersSteps.Worker", "WorkersSteps.Worker\WorkersSteps.Worker.csproj", "{2F9E12F4-5B68-48A6-858F-38899BD8DDBE}"
EndProject
Project("{FAE04EC0-301F-11D3-BF4B-00C04F79EFBC}") = "Producer", "Producer\Producer.csproj", "{085C9533-F758-43CE-A5DC-168959CC1159}"
EndProject
Project("{FAE04EC0-301F-11D3-BF4B-00C04F79EFBC}") = "Consumer", "Consumer\Consumer.csproj", "{7DF3D80D-A5E0-4F9B-8E0F-352C911E950B}"
EndProject
Project("{FAE04EC0-301F-11D3-BF4B-00C04F79EFBC}") = "WorkerServiceSteps", "WorkerServiceSteps\WorkerServiceSteps.csproj", "{89926EE9-CC54-41D0-B1FD-19A86D4A42A2}"
EndProject
Global
	GlobalSection(SolutionConfigurationPlatforms) = preSolution
		Debug|Any CPU = Debug|Any CPU
		Release|Any CPU = Release|Any CPU
	EndGlobalSection
	GlobalSection(ProjectConfigurationPlatforms) = postSolution
		{2F9E12F4-5B68-48A6-858F-38899BD8DDBE}.Debug|Any CPU.ActiveCfg = Debug|Any CPU
		{2F9E12F4-5B68-48A6-858F-38899BD8DDBE}.Debug|Any CPU.Build.0 = Debug|Any CPU
		{2F9E12F4-5B68-48A6-858F-38899BD8DDBE}.Release|Any CPU.ActiveCfg = Release|Any CPU
		{2F9E12F4-5B68-48A6-858F-38899BD8DDBE}.Release|Any CPU.Build.0 = Release|Any CPU
		{085C9533-F758-43CE-A5DC-168959CC1159}.Debug|Any CPU.ActiveCfg = Debug|Any CPU
		{085C9533-F758-43CE-A5DC-168959CC1159}.Debug|Any CPU.Build.0 = Debug|Any CPU
		{085C9533-F758-43CE-A5DC-168959CC1159}.Release|Any CPU.ActiveCfg = Release|Any CPU
		{085C9533-F758-43CE-A5DC-168959CC1159}.Release|Any CPU.Build.0 = Release|Any CPU
		{7DF3D80D-A5E0-4F9B-8E0F-352C911E950B}.Debug|Any CPU.ActiveCfg = Debug|Any CPU
		{7DF3D80D-A5E0-4F9B-8E0F-352C911E950B}.Debug|Any CPU.Build.0 = Debug|Any CPU
		{7DF3D80D-A5E0-4F9B-8E0F-352C911E950B}.Release|Any CPU.ActiveCfg = Release|Any CPU
		{7DF3D80D-A5E0-4F9B-8E0F-352C911E950B}.Release|Any CPU.Build.0 = Release|Any CPU
		{89926EE9-CC54-41D0-B1FD-19A86D4A42A2}.Debug|Any CPU.ActiveCfg = Debug|Any CPU
		{89926EE9-CC54-41D0-B1FD-19A86D4A42A2}.Debug|Any CPU.Build.0 = Debug|Any CPU
		{89926EE9-CC54-41D0-B1FD-19A86D4A42A2}.Release|Any CPU.ActiveCfg = Release|Any CPU
		{89926EE9-CC54-41D0-B1FD-19A86D4A42A2}.Release|Any CPU.Build.0 = Release|Any CPU
	EndGlobalSection
	GlobalSection(SolutionProperties) = preSolution
		HideSolutionNode = FALSE
	EndGlobalSection
	GlobalSection(ExtensibilityGlobals) = postSolution
		SolutionGuid = {FAA4BC50-98B7-4FC6-8A74-629A66B577DC}
	EndGlobalSection
EndGlobal
